
Microsoft Visual Studio Solution File, Format Version 12.00
# Visual Studio Version 17
VisualStudioVersion = 17.4.33205.214
MinimumVisualStudioVersion = 10.0.40219.1
Project("{FAE04EC0-301F-11D3-BF4B-00C04F79EFBC}") = "ASPAPP", "ASPAPP\ASPAPP.csproj", "{CA69E98F-FB83-4578-A9E3-E335B6A85FD6}"
EndProject
Global
	GlobalSection(SolutionConfigurationPlatforms) = preSolution
		Debug|Any CPU = Debug|Any CPU
		Release|Any CPU = Release|Any CPU
	EndGlobalSection
	GlobalSection(ProjectConfigurationPlatforms) = postSolution
		{CA69E98F-FB83-4578-A9E3-E335B6A85FD6}.Debug|Any CPU.ActiveCfg = Debug|Any CPU
		{CA69E98F-FB83-4578-A9E3-E335B6A85FD6}.Debug|Any CPU.Build.0 = Debug|Any CPU
		{CA69E98F-FB83-4578-A9E3-E335B6A85FD6}.Release|Any CPU.ActiveCfg = Release|Any CPU
		{CA69E98F-FB83-4578-A9E3-E335B6A85FD6}.Release|Any CPU.Build.0 = Release|Any CPU
	EndGlobalSection
	GlobalSection(SolutionProperties) = preSolution
		HideSolutionNode = FALSE
	EndGlobalSection
	GlobalSection(ExtensibilityGlobals) = postSolution
		SolutionGuid = {80BA970F-86E4-4A17-AC94-89B11CF8C11D}
	EndGlobalSection
EndGlobal
